{
  "object": {
    "pins": [
      {
        "package": "Master",
        "repositoryURL": "https://github.com/trufflest/master.git",
        "state": {
          "branch": "main",
          "revision": "c6c550b68764ebcaed39200d0b28ed722e3df105",
          "version": null
        }
      }
    ]
  },
  "version": 1
}
