{
  "object": {
    "pins": [
      {
        "package": "Master",
        "repositoryURL": "https://github.com/trufflest/master.git",
        "state": {
          "branch": "main",
          "revision": "7eb463ec75d8631cab169d6fdc7008429688d2dd",
          "version": null
        }
      }
    ]
  },
  "version": 1
}
