{
  "object": {
    "pins": [
      {
        "package": "Master",
        "repositoryURL": "https://github.com/trufflest/master.git",
        "state": {
          "branch": "main",
          "revision": "d0491415ae67aed8cb99576776d482250afd6e82",
          "version": null
        }
      }
    ]
  },
  "version": 1
}
