// !$*UTF8*$!
{
	archiveVersion = 1;
	classes = {
	};
	objectVersion = 55;
	objects = {

/* Begin PBXBuildFile section */
		CE7696AE27B2A73E000BB220 /* Level1_Tiles.sks in Resources */ = {isa = PBXBuildFile; fileRef = CE7696AC27B2A73E000BB220 /* Level1_Tiles.sks */; };
		CE7696AF27B2A73E000BB220 /* Tiles.xcassets in Resources */ = {isa = PBXBuildFile; fileRef = CE7696AD27B2A73E000BB220 /* Tiles.xcassets */; };
		CE7696B127B2C046000BB220 /* Level1.swift in Sources */ = {isa = PBXBuildFile; fileRef = CE7696B027B2C046000BB220 /* Level1.swift */; };
		CEC63CC927B29AA6002CDA09 /* App.swift in Sources */ = {isa = PBXBuildFile; fileRef = CEC63CC827B29AA6002CDA09 /* App.swift */; };
		CEC63CCB27B29AA6002CDA09 /* Game.swift in Sources */ = {isa = PBXBuildFile; fileRef = CEC63CCA27B29AA6002CDA09 /* Game.swift */; };
		CEC63CCD27B29AA7002CDA09 /* Assets.xcassets in Resources */ = {isa = PBXBuildFile; fileRef = CEC63CCC27B29AA7002CDA09 /* Assets.xcassets */; };
		CECB6CA627B2C41400C5EFE5 /* Cornelius.swift in Sources */ = {isa = PBXBuildFile; fileRef = CECB6CA527B2C41400C5EFE5 /* Cornelius.swift */; };
		CECB6CA827B2C47F00C5EFE5 /* Sprites.xcassets in Resources */ = {isa = PBXBuildFile; fileRef = CECB6CA727B2C47F00C5EFE5 /* Sprites.xcassets */; };
		CECB6CAA27B2CEF200C5EFE5 /* Joystick.swift in Sources */ = {isa = PBXBuildFile; fileRef = CECB6CA927B2CEF200C5EFE5 /* Joystick.swift */; };
		CEDC58FF27B29EEB00025163 /* Window.swift in Sources */ = {isa = PBXBuildFile; fileRef = CEDC58FE27B29EEB00025163 /* Window.swift */; };
		CEDC590227B2A0D200025163 /* Level1_Scene.sks in Resources */ = {isa = PBXBuildFile; fileRef = CEDC590127B2A0D200025163 /* Level1_Scene.sks */; };
/* End PBXBuildFile section */

/* Begin PBXFileReference section */
		CE7696AC27B2A73E000BB220 /* Level1_Tiles.sks */ = {isa = PBXFileReference; lastKnownFileType = file.sks; path = Level1_Tiles.sks; sourceTree = "<group>"; };
		CE7696AD27B2A73E000BB220 /* Tiles.xcassets */ = {isa = PBXFileReference; lastKnownFileType = folder.assetcatalog; path = Tiles.xcassets; sourceTree = "<group>"; };
		CE7696B027B2C046000BB220 /* Level1.swift */ = {isa = PBXFileReference; lastKnownFileType = sourcecode.swift; path = Level1.swift; sourceTree = "<group>"; };
		CEC63CC527B29AA6002CDA09 /* Trufflest.app */ = {isa = PBXFileReference; explicitFileType = wrapper.application; includeInIndex = 0; path = Trufflest.app; sourceTree = BUILT_PRODUCTS_DIR; };
		CEC63CC827B29AA6002CDA09 /* App.swift */ = {isa = PBXFileReference; lastKnownFileType = sourcecode.swift; path = App.swift; sourceTree = "<group>"; };
		CEC63CCA27B29AA6002CDA09 /* Game.swift */ = {isa = PBXFileReference; lastKnownFileType = sourcecode.swift; path = Game.swift; sourceTree = "<group>"; };
		CEC63CCC27B29AA7002CDA09 /* Assets.xcassets */ = {isa = PBXFileReference; lastKnownFileType = folder.assetcatalog; path = Assets.xcassets; sourceTree = "<group>"; };
		CECB6CA527B2C41400C5EFE5 /* Cornelius.swift */ = {isa = PBXFileReference; lastKnownFileType = sourcecode.swift; path = Cornelius.swift; sourceTree = "<group>"; };
		CECB6CA727B2C47F00C5EFE5 /* Sprites.xcassets */ = {isa = PBXFileReference; lastKnownFileType = folder.assetcatalog; path = Sprites.xcassets; sourceTree = "<group>"; };
		CECB6CA927B2CEF200C5EFE5 /* Joystick.swift */ = {isa = PBXFileReference; lastKnownFileType = sourcecode.swift; path = Joystick.swift; sourceTree = "<group>"; };
		CEDC58FD27B29C6E00025163 /* Info.plist */ = {isa = PBXFileReference; lastKnownFileType = text.plist; path = Info.plist; sourceTree = "<group>"; };
		CEDC58FE27B29EEB00025163 /* Window.swift */ = {isa = PBXFileReference; lastKnownFileType = sourcecode.swift; name = Window.swift; path = ../../trufflest/iOS/Window.swift; sourceTree = "<group>"; };
		CEDC590127B2A0D200025163 /* Level1_Scene.sks */ = {isa = PBXFileReference; lastKnownFileType = file.sks; path = Level1_Scene.sks; sourceTree = "<group>"; };
/* End PBXFileReference section */

/* Begin PBXFrameworksBuildPhase section */
		CEC63CC227B29AA6002CDA09 /* Frameworks */ = {
			isa = PBXFrameworksBuildPhase;
			buildActionMask = 2147483647;
			files = (
			);
			runOnlyForDeploymentPostprocessing = 0;
		};
/* End PBXFrameworksBuildPhase section */

/* Begin PBXGroup section */
		CE7696AB27B2A713000BB220 /* Tiles */ = {
			isa = PBXGroup;
			children = (
				CE7696AC27B2A73E000BB220 /* Level1_Tiles.sks */,
				CE7696AD27B2A73E000BB220 /* Tiles.xcassets */,
			);
			path = Tiles;
			sourceTree = "<group>";
		};
		CEC63CBA27B29A97002CDA09 = {
			isa = PBXGroup;
			children = (
				CEC63CC727B29AA6002CDA09 /* iOS */,
				CEC63CC627B29AA6002CDA09 /* Products */,
				CEDC590027B2A07500025163 /* Scenes */,
				CECB6CA427B2C40600C5EFE5 /* Sprites */,
				CE7696AB27B2A713000BB220 /* Tiles */,
			);
			sourceTree = "<group>";
		};
		CEC63CC627B29AA6002CDA09 /* Products */ = {
			isa = PBXGroup;
			children = (
				CEC63CC527B29AA6002CDA09 /* Trufflest.app */,
			);
			name = Products;
			sourceTree = "<group>";
		};
		CEC63CC727B29AA6002CDA09 /* iOS */ = {
			isa = PBXGroup;
			children = (
				CEDC58FD27B29C6E00025163 /* Info.plist */,
				CEC63CC827B29AA6002CDA09 /* App.swift */,
				CEC63CCA27B29AA6002CDA09 /* Game.swift */,
				CEDC58FE27B29EEB00025163 /* Window.swift */,
				CEC63CCC27B29AA7002CDA09 /* Assets.xcassets */,
			);
			path = iOS;
			sourceTree = "<group>";
		};
		CECB6CA427B2C40600C5EFE5 /* Sprites */ = {
			isa = PBXGroup;
			children = (
				CECB6CA527B2C41400C5EFE5 /* Cornelius.swift */,
				CECB6CA927B2CEF200C5EFE5 /* Joystick.swift */,
				CECB6CA727B2C47F00C5EFE5 /* Sprites.xcassets */,
			);
			path = Sprites;
			sourceTree = "<group>";
		};
		CEDC590027B2A07500025163 /* Scenes */ = {
			isa = PBXGroup;
			children = (
				CEDC590127B2A0D200025163 /* Level1_Scene.sks */,
				CE7696B027B2C046000BB220 /* Level1.swift */,
			);
			path = Scenes;
			sourceTree = "<group>";
		};
/* End PBXGroup section */

/* Begin PBXNativeTarget section */
		CEC63CC427B29AA6002CDA09 /* iOS */ = {
			isa = PBXNativeTarget;
			buildConfigurationList = CEC63CD127B29AA7002CDA09 /* Build configuration list for PBXNativeTarget "iOS" */;
			buildPhases = (
				CEC63CC127B29AA6002CDA09 /* Sources */,
				CEC63CC227B29AA6002CDA09 /* Frameworks */,
				CEC63CC327B29AA6002CDA09 /* Resources */,
			);
			buildRules = (
			);
			dependencies = (
			);
			name = iOS;
			productName = iOS;
			productReference = CEC63CC527B29AA6002CDA09 /* Trufflest.app */;
			productType = "com.apple.product-type.application";
		};
/* End PBXNativeTarget section */

/* Begin PBXProject section */
		CEC63CBB27B29A97002CDA09 /* Project object */ = {
			isa = PBXProject;
			attributes = {
				BuildIndependentTargetsInParallel = 1;
				LastSwiftUpdateCheck = 1320;
				LastUpgradeCheck = 1320;
				TargetAttributes = {
					CEC63CC427B29AA6002CDA09 = {
						CreatedOnToolsVersion = 13.2.1;
					};
				};
			};
			buildConfigurationList = CEC63CBE27B29A97002CDA09 /* Build configuration list for PBXProject "Trufflest" */;
			compatibilityVersion = "Xcode 13.0";
			developmentRegion = en;
			hasScannedForEncodings = 0;
			knownRegions = (
				en,
				Base,
			);
			mainGroup = CEC63CBA27B29A97002CDA09;
			productRefGroup = CEC63CC627B29AA6002CDA09 /* Products */;
			projectDirPath = "";
			projectRoot = "";
			targets = (
				CEC63CC427B29AA6002CDA09 /* iOS */,
			);
		};
/* End PBXProject section */

/* Begin PBXResourcesBuildPhase section */
		CEC63CC327B29AA6002CDA09 /* Resources */ = {
			isa = PBXResourcesBuildPhase;
			buildActionMask = 2147483647;
			files = (
				CEDC590227B2A0D200025163 /* Level1_Scene.sks in Resources */,
				CEC63CCD27B29AA7002CDA09 /* Assets.xcassets in Resources */,
				CECB6CA827B2C47F00C5EFE5 /* Sprites.xcassets in Resources */,
				CE7696AF27B2A73E000BB220 /* Tiles.xcassets in Resources */,
				CE7696AE27B2A73E000BB220 /* Level1_Tiles.sks in Resources */,
			);
			runOnlyForDeploymentPostprocessing = 0;
		};
/* End PBXResourcesBuildPhase section */

/* Begin PBXSourcesBuildPhase section */
		CEC63CC127B29AA6002CDA09 /* Sources */ = {
			isa = PBXSourcesBuildPhase;
			buildActionMask = 2147483647;
			files = (
				CE7696B127B2C046000BB220 /* Level1.swift in Sources */,
				CEC63CCB27B29AA6002CDA09 /* Game.swift in Sources */,
				CECB6CA627B2C41400C5EFE5 /* Cornelius.swift in Sources */,
				CECB6CAA27B2CEF200C5EFE5 /* Joystick.swift in Sources */,
				CEC63CC927B29AA6002CDA09 /* App.swift in Sources */,
				CEDC58FF27B29EEB00025163 /* Window.swift in Sources */,
			);
			runOnlyForDeploymentPostprocessing = 0;
		};
/* End PBXSourcesBuildPhase section */

/* Begin XCBuildConfiguration section */
		CEC63CBF27B29A97002CDA09 /* Debug */ = {
			isa = XCBuildConfiguration;
			buildSettings = {
				CLANG_ENABLE_MODULES = YES;
				CURRENT_PROJECT_VERSION = 1;
				DEBUG_INFORMATION_FORMAT = dwarf;
				ENABLE_BITCODE = YES;
				GCC_OPTIMIZATION_LEVEL = 0;
				IPHONEOS_DEPLOYMENT_TARGET = 15.0;
				MACOSX_DEPLOYMENT_TARGET = 12.0;
				MARKETING_VERSION = 1;
				PRODUCT_NAME = Trufflest;
				SWIFT_INSTALL_OBJC_HEADER = NO;
				SWIFT_OPTIMIZATION_LEVEL = "-Onone";
				SWIFT_OPTIMIZE_OBJECT_LIFETIME = YES;
				SWIFT_VERSION = 5.0;
			};
			name = Debug;
		};
		CEC63CC027B29A97002CDA09 /* Release */ = {
			isa = XCBuildConfiguration;
			buildSettings = {
				CLANG_ENABLE_MODULES = YES;
				CURRENT_PROJECT_VERSION = 1;
				DEBUG_INFORMATION_FORMAT = "dwarf-with-dsym";
				ENABLE_BITCODE = YES;
				GCC_OPTIMIZATION_LEVEL = fast;
				IPHONEOS_DEPLOYMENT_TARGET = 15.0;
				MACOSX_DEPLOYMENT_TARGET = 12.0;
				MARKETING_VERSION = 1;
				PRODUCT_NAME = Trufflest;
				SWIFT_COMPILATION_MODE = wholemodule;
				SWIFT_INSTALL_OBJC_HEADER = NO;
				SWIFT_OPTIMIZE_OBJECT_LIFETIME = YES;
				SWIFT_VERSION = 5.0;
			};
			name = Release;
		};
		CEC63CD227B29AA7002CDA09 /* Debug */ = {
			isa = XCBuildConfiguration;
			buildSettings = {
				ALWAYS_SEARCH_USER_PATHS = NO;
				ASSETCATALOG_COMPILER_APPICON_NAME = AppIcon;
				ASSETCATALOG_COMPILER_GLOBAL_ACCENT_COLOR_NAME = AccentColor;
				CLANG_ANALYZER_NONNULL = YES;
				CLANG_ANALYZER_NUMBER_OBJECT_CONVERSION = YES_AGGRESSIVE;
				CLANG_CXX_LANGUAGE_STANDARD = "gnu++17";
				CLANG_CXX_LIBRARY = "libc++";
				CLANG_ENABLE_OBJC_ARC = YES;
				CLANG_ENABLE_OBJC_WEAK = YES;
				CLANG_WARN_BLOCK_CAPTURE_AUTORELEASING = YES;
				CLANG_WARN_BOOL_CONVERSION = YES;
				CLANG_WARN_COMMA = YES;
				CLANG_WARN_CONSTANT_CONVERSION = YES;
				CLANG_WARN_DEPRECATED_OBJC_IMPLEMENTATIONS = YES;
				CLANG_WARN_DIRECT_OBJC_ISA_USAGE = YES_ERROR;
				CLANG_WARN_DOCUMENTATION_COMMENTS = YES;
				CLANG_WARN_EMPTY_BODY = YES;
				CLANG_WARN_ENUM_CONVERSION = YES;
				CLANG_WARN_INFINITE_RECURSION = YES;
				CLANG_WARN_INT_CONVERSION = YES;
				CLANG_WARN_NON_LITERAL_NULL_CONVERSION = YES;
				CLANG_WARN_OBJC_IMPLICIT_RETAIN_SELF = YES;
				CLANG_WARN_OBJC_LITERAL_CONVERSION = YES;
				CLANG_WARN_OBJC_ROOT_CLASS = YES_ERROR;
				CLANG_WARN_QUOTED_INCLUDE_IN_FRAMEWORK_HEADER = YES;
				CLANG_WARN_RANGE_LOOP_ANALYSIS = YES;
				CLANG_WARN_STRICT_PROTOTYPES = YES;
				CLANG_WARN_SUSPICIOUS_MOVE = YES;
				CLANG_WARN_UNGUARDED_AVAILABILITY = YES_AGGRESSIVE;
				CLANG_WARN_UNREACHABLE_CODE = YES;
				CLANG_WARN__DUPLICATE_METHOD_MATCH = YES;
				CODE_SIGN_STYLE = Automatic;
				COPY_PHASE_STRIP = NO;
				DEVELOPMENT_ASSET_PATHS = "";
				DEVELOPMENT_TEAM = 7AMWG3RLHN;
				ENABLE_STRICT_OBJC_MSGSEND = YES;
				ENABLE_TESTABILITY = YES;
				GCC_C_LANGUAGE_STANDARD = gnu11;
				GCC_DYNAMIC_NO_PIC = NO;
				GCC_NO_COMMON_BLOCKS = YES;
				GCC_PREPROCESSOR_DEFINITIONS = (
					"DEBUG=1",
					"$(inherited)",
				);
				GCC_WARN_64_TO_32_BIT_CONVERSION = YES;
				GCC_WARN_ABOUT_RETURN_TYPE = YES_ERROR;
				GCC_WARN_UNDECLARED_SELECTOR = YES;
				GCC_WARN_UNINITIALIZED_AUTOS = YES_AGGRESSIVE;
				GCC_WARN_UNUSED_FUNCTION = YES;
				GCC_WARN_UNUSED_VARIABLE = YES;
				GENERATE_INFOPLIST_FILE = YES;
				INFOPLIST_FILE = iOS/Info.plist;
				INFOPLIST_KEY_CFBundleDisplayName = "Truffle Forest";
				INFOPLIST_KEY_UIApplicationSupportsIndirectInputEvents = YES;
				INFOPLIST_KEY_UILaunchScreen_Generation = YES;
				INFOPLIST_KEY_UIRequiresFullScreen = YES;
				INFOPLIST_KEY_UIStatusBarHidden = YES;
				INFOPLIST_KEY_UISupportedInterfaceOrientations = "UIInterfaceOrientationLandscapeLeft UIInterfaceOrientationLandscapeRight";
				INFOPLIST_KEY_UISupportedInterfaceOrientations_iPad = "UIInterfaceOrientationLandscapeLeft UIInterfaceOrientationLandscapeRight";
				INFOPLIST_KEY_UISupportedInterfaceOrientations_iPhone = "UIInterfaceOrientationLandscapeLeft UIInterfaceOrientationLandscapeRight";
				LD_RUNPATH_SEARCH_PATHS = (
					"$(inherited)",
					"@executable_path/Frameworks",
				);
				MTL_ENABLE_DEBUG_INFO = INCLUDE_SOURCE;
				MTL_FAST_MATH = YES;
				ONLY_ACTIVE_ARCH = YES;
				PRODUCT_BUNDLE_IDENTIFIER = trufflest;
				SDKROOT = iphoneos;
				SWIFT_ACTIVE_COMPILATION_CONDITIONS = DEBUG;
				SWIFT_EMIT_LOC_STRINGS = YES;
				TARGETED_DEVICE_FAMILY = "1,2";
			};
			name = Debug;
		};
		CEC63CD327B29AA7002CDA09 /* Release */ = {
			isa = XCBuildConfiguration;
			buildSettings = {
				ALWAYS_SEARCH_USER_PATHS = NO;
				ASSETCATALOG_COMPILER_APPICON_NAME = AppIcon;
				ASSETCATALOG_COMPILER_GLOBAL_ACCENT_COLOR_NAME = AccentColor;
				CLANG_ANALYZER_NONNULL = YES;
				CLANG_ANALYZER_NUMBER_OBJECT_CONVERSION = YES_AGGRESSIVE;
				CLANG_CXX_LANGUAGE_STANDARD = "gnu++17";
				CLANG_CXX_LIBRARY = "libc++";
				CLANG_ENABLE_OBJC_ARC = YES;
				CLANG_ENABLE_OBJC_WEAK = YES;
				CLANG_WARN_BLOCK_CAPTURE_AUTORELEASING = YES;
				CLANG_WARN_BOOL_CONVERSION = YES;
				CLANG_WARN_COMMA = YES;
				CLANG_WARN_CONSTANT_CONVERSION = YES;
				CLANG_WARN_DEPRECATED_OBJC_IMPLEMENTATIONS = YES;
				CLANG_WARN_DIRECT_OBJC_ISA_USAGE = YES_ERROR;
				CLANG_WARN_DOCUMENTATION_COMMENTS = YES;
				CLANG_WARN_EMPTY_BODY = YES;
				CLANG_WARN_ENUM_CONVERSION = YES;
				CLANG_WARN_INFINITE_RECURSION = YES;
				CLANG_WARN_INT_CONVERSION = YES;
				CLANG_WARN_NON_LITERAL_NULL_CONVERSION = YES;
				CLANG_WARN_OBJC_IMPLICIT_RETAIN_SELF = YES;
				CLANG_WARN_OBJC_LITERAL_CONVERSION = YES;
				CLANG_WARN_OBJC_ROOT_CLASS = YES_ERROR;
				CLANG_WARN_QUOTED_INCLUDE_IN_FRAMEWORK_HEADER = YES;
				CLANG_WARN_RANGE_LOOP_ANALYSIS = YES;
				CLANG_WARN_STRICT_PROTOTYPES = YES;
				CLANG_WARN_SUSPICIOUS_MOVE = YES;
				CLANG_WARN_UNGUARDED_AVAILABILITY = YES_AGGRESSIVE;
				CLANG_WARN_UNREACHABLE_CODE = YES;
				CLANG_WARN__DUPLICATE_METHOD_MATCH = YES;
				CODE_SIGN_STYLE = Automatic;
				COPY_PHASE_STRIP = NO;
				DEVELOPMENT_ASSET_PATHS = "";
				DEVELOPMENT_TEAM = 7AMWG3RLHN;
				ENABLE_NS_ASSERTIONS = NO;
				ENABLE_STRICT_OBJC_MSGSEND = YES;
				GCC_C_LANGUAGE_STANDARD = gnu11;
				GCC_NO_COMMON_BLOCKS = YES;
				GCC_WARN_64_TO_32_BIT_CONVERSION = YES;
				GCC_WARN_ABOUT_RETURN_TYPE = YES_ERROR;
				GCC_WARN_UNDECLARED_SELECTOR = YES;
				GCC_WARN_UNINITIALIZED_AUTOS = YES_AGGRESSIVE;
				GCC_WARN_UNUSED_FUNCTION = YES;
				GCC_WARN_UNUSED_VARIABLE = YES;
				GENERATE_INFOPLIST_FILE = YES;
				INFOPLIST_FILE = iOS/Info.plist;
				INFOPLIST_KEY_CFBundleDisplayName = "Truffle Forest";
				INFOPLIST_KEY_UIApplicationSupportsIndirectInputEvents = YES;
				INFOPLIST_KEY_UILaunchScreen_Generation = YES;
				INFOPLIST_KEY_UIRequiresFullScreen = YES;
				INFOPLIST_KEY_UIStatusBarHidden = YES;
				INFOPLIST_KEY_UISupportedInterfaceOrientations = "UIInterfaceOrientationLandscapeLeft UIInterfaceOrientationLandscapeRight";
				INFOPLIST_KEY_UISupportedInterfaceOrientations_iPad = "UIInterfaceOrientationLandscapeLeft UIInterfaceOrientationLandscapeRight";
				INFOPLIST_KEY_UISupportedInterfaceOrientations_iPhone = "UIInterfaceOrientationLandscapeLeft UIInterfaceOrientationLandscapeRight";
				LD_RUNPATH_SEARCH_PATHS = (
					"$(inherited)",
					"@executable_path/Frameworks",
				);
				MTL_ENABLE_DEBUG_INFO = NO;
				MTL_FAST_MATH = YES;
				PRODUCT_BUNDLE_IDENTIFIER = trufflest;
				SDKROOT = iphoneos;
				SWIFT_EMIT_LOC_STRINGS = YES;
				TARGETED_DEVICE_FAMILY = "1,2";
				VALIDATE_PRODUCT = YES;
			};
			name = Release;
		};
/* End XCBuildConfiguration section */

/* Begin XCConfigurationList section */
		CEC63CBE27B29A97002CDA09 /* Build configuration list for PBXProject "Trufflest" */ = {
			isa = XCConfigurationList;
			buildConfigurations = (
				CEC63CBF27B29A97002CDA09 /* Debug */,
				CEC63CC027B29A97002CDA09 /* Release */,
			);
			defaultConfigurationIsVisible = 0;
			defaultConfigurationName = Release;
		};
		CEC63CD127B29AA7002CDA09 /* Build configuration list for PBXNativeTarget "iOS" */ = {
			isa = XCConfigurationList;
			buildConfigurations = (
				CEC63CD227B29AA7002CDA09 /* Debug */,
				CEC63CD327B29AA7002CDA09 /* Release */,
			);
			defaultConfigurationIsVisible = 0;
			defaultConfigurationName = Release;
		};
/* End XCConfigurationList section */
	};
	rootObject = CEC63CBB27B29A97002CDA09 /* Project object */;
}
